
Microsoft Visual Studio Solution File, Format Version 12.00
# Visual Studio Version 16
VisualStudioVersion = 16.0.30011.22
MinimumVisualStudioVersion = 10.0.40219.1
Project("{FAE04EC0-301F-11D3-BF4B-00C04F79EFBC}") = "WinSpleeter", "WinSpleeter.csproj", "{3FFC4451-714D-4D4D-929D-633BC9D99D9A}"
EndProject
Global
	GlobalSection(SolutionConfigurationPlatforms) = preSolution
		Debug|Any CPU = Debug|Any CPU
		Release|Any CPU = Release|Any CPU
	EndGlobalSection
	GlobalSection(ProjectConfigurationPlatforms) = postSolution
		{3FFC4451-714D-4D4D-929D-633BC9D99D9A}.Debug|Any CPU.ActiveCfg = Debug|Any CPU
		{3FFC4451-714D-4D4D-929D-633BC9D99D9A}.Debug|Any CPU.Build.0 = Debug|Any CPU
		{3FFC4451-714D-4D4D-929D-633BC9D99D9A}.Release|Any CPU.ActiveCfg = Release|Any CPU
		{3FFC4451-714D-4D4D-929D-633BC9D99D9A}.Release|Any CPU.Build.0 = Release|Any CPU
	EndGlobalSection
	GlobalSection(SolutionProperties) = preSolution
		HideSolutionNode = FALSE
	EndGlobalSection
	GlobalSection(ExtensibilityGlobals) = postSolution
		SolutionGuid = {24EE4025-92AB-4A06-B7B2-BF04CA0D0D9D}
	EndGlobalSection
EndGlobal
